
Microsoft Visual Studio Solution File, Format Version 12.00
# Visual Studio 15
VisualStudioVersion = 15.0.27130.2020
MinimumVisualStudioVersion = 10.0.40219.1
Project("{8BC9CEB8-8B4A-11D0-8D11-00A0C91BC942}") = "baekjoon_2863", "baekjoon_2863\baekjoon_2863.vcxproj", "{4A2F03D4-5D76-414C-9BEE-BB111FC8813D}"
EndProject
Global
	GlobalSection(SolutionConfigurationPlatforms) = preSolution
		Debug|x64 = Debug|x64
		Debug|x86 = Debug|x86
		Release|x64 = Release|x64
		Release|x86 = Release|x86
	EndGlobalSection
	GlobalSection(ProjectConfigurationPlatforms) = postSolution
		{4A2F03D4-5D76-414C-9BEE-BB111FC8813D}.Debug|x64.ActiveCfg = Debug|x64
		{4A2F03D4-5D76-414C-9BEE-BB111FC8813D}.Debug|x64.Build.0 = Debug|x64
		{4A2F03D4-5D76-414C-9BEE-BB111FC8813D}.Debug|x86.ActiveCfg = Debug|Win32
		{4A2F03D4-5D76-414C-9BEE-BB111FC8813D}.Debug|x86.Build.0 = Debug|Win32
		{4A2F03D4-5D76-414C-9BEE-BB111FC8813D}.Release|x64.ActiveCfg = Release|x64
		{4A2F03D4-5D76-414C-9BEE-BB111FC8813D}.Release|x64.Build.0 = Release|x64
		{4A2F03D4-5D76-414C-9BEE-BB111FC8813D}.Release|x86.ActiveCfg = Release|Win32
		{4A2F03D4-5D76-414C-9BEE-BB111FC8813D}.Release|x86.Build.0 = Release|Win32
	EndGlobalSection
	GlobalSection(SolutionProperties) = preSolution
		HideSolutionNode = FALSE
	EndGlobalSection
	GlobalSection(ExtensibilityGlobals) = postSolution
		SolutionGuid = {80ED8F2B-8BF2-4084-B57A-E6A857EDBD8E}
	EndGlobalSection
EndGlobal
